
Microsoft Visual Studio Solution File, Format Version 12.00
# Visual Studio Version 17
VisualStudioVersion = 17.0.31903.59
MinimumVisualStudioVersion = 10.0.40219.1
Project("{2150E333-8FDC-42A3-9474-1A3956D46DE8}") = "src", "src", "{5C01E2FF-D96A-47DF-8C80-2BE543396281}"
EndProject
Project("{FAE04EC0-301F-11D3-BF4B-00C04F79EFBC}") = "DTMAPI.BepInExStubs", "src\DTMAPI.BepInExStubs\DTMAPI.BepInExStubs.csproj", "{4AC0BBD8-15E5-4C31-A852-EC1C7C234258}"
EndProject
Project("{FAE04EC0-301F-11D3-BF4B-00C04F79EFBC}") = "DTMAPI.Abstractions", "src\DTMAPI.Abstractions\DTMAPI.Abstractions.csproj", "{6CAEB39C-D68A-40AC-8E43-3640BCD87E54}"
EndProject
Project("{FAE04EC0-301F-11D3-BF4B-00C04F79EFBC}") = "DTMAPI.Core", "src\DTMAPI.Core\DTMAPI.Core.csproj", "{3494EF27-6559-4CB9-8BE3-C9528DF4C0D2}"
EndProject
Project("{FAE04EC0-301F-11D3-BF4B-00C04F79EFBC}") = "DTMAPI.ModConfigMenu", "src\DTMAPI.ModConfigMenu\DTMAPI.ModConfigMenu.csproj", "{ED8AD6DB-5D0E-409D-A6DB-204F8218C5F6}"
EndProject
Project("{FAE04EC0-301F-11D3-BF4B-00C04F79EFBC}") = "DTMAPI.GameBridge.DolocTown", "src\DTMAPI.GameBridge.DolocTown\DTMAPI.GameBridge.DolocTown.csproj", "{5732C453-A14A-4728-836A-6B8DA2E80CF7}"
EndProject
Project("{FAE04EC0-301F-11D3-BF4B-00C04F79EFBC}") = "DTMAPI.BepInExBootstrap", "src\DTMAPI.BepInExBootstrap\DTMAPI.BepInExBootstrap.csproj", "{41173178-362F-4734-B89F-E2F885B5D695}"
EndProject
Project("{2150E333-8FDC-42A3-9474-1A3956D46DE8}") = "testmods", "testmods", "{EDC76BBF-0DE4-474A-9887-82306D0B7558}"
EndProject
Project("{FAE04EC0-301F-11D3-BF4B-00C04F79EFBC}") = "HelloDtmMod", "testmods\HelloDtmMod\HelloDtmMod.csproj", "{3E4E49DC-4BA2-421C-9BA5-7490F18A7A46}"
EndProject
Project("{FAE04EC0-301F-11D3-BF4B-00C04F79EFBC}") = "ConfigMenuExample", "testmods\ConfigMenuExample\ConfigMenuExample.csproj", "{9E968EF6-AB4B-4509-ACC1-1BD3AEB934BA}"
EndProject
Project("{FAE04EC0-301F-11D3-BF4B-00C04F79EFBC}") = "ActionSpeedMod", "testmods\ActionSpeedMod\ActionSpeedMod.csproj", "{90C40752-5DEA-4809-9C6C-87C2CDA6F32B}"
EndProject
Project("{FAE04EC0-301F-11D3-BF4B-00C04F79EFBC}") = "DebugConsoleMod", "testmods\DebugConsoleMod\DebugConsoleMod.csproj", "{E451FDB4-5E9D-45DE-82E5-1DF7C9D978D5}"
EndProject
Project("{FAE04EC0-301F-11D3-BF4B-00C04F79EFBC}") = "OneActionCompleteMod", "testmods\OneActionCompleteMod\OneActionCompleteMod.csproj", "{57AAC8CA-09C1-4440-8B6E-A015B5FFFC79}"
EndProject
Project("{FAE04EC0-301F-11D3-BF4B-00C04F79EFBC}") = "AutoFishingMod", "testmods\AutoFishingMod\AutoFishingMod.csproj", "{79DD93CD-FBA4-4844-9293-28F1B49D9707}"
EndProject
Project("{FAE04EC0-301F-11D3-BF4B-00C04F79EFBC}") = "AnimalHusbandryProgressMod", "testmods\AnimalHusbandryProgressMod\AnimalHusbandryProgressMod.csproj", "{1C0BA80E-BE7C-47DD-83BC-271094AF107A}"
EndProject
Project("{FAE04EC0-301F-11D3-BF4B-00C04F79EFBC}") = "OilMod", "testmods\OilMod\OilMod.csproj", "{BD7DACF6-C826-420E-8A3C-17A13B24628F}"
EndProject
Project("{FAE04EC0-301F-11D3-BF4B-00C04F79EFBC}") = "MineMod", "testmods\MineMod\MineMod.csproj", "{E867EDE1-54EA-488F-9D7C-B8DDC2B8BC11}"
EndProject
Project("{FAE04EC0-301F-11D3-BF4B-00C04F79EFBC}") = "MoreEquipmentSlotsMod", "testmods\MoreEquipmentSlotsMod\MoreEquipmentSlotsMod.csproj", "{57C0B742-9793-409C-AD35-7DBD0D7F6E20}"
EndProject
Project("{FAE04EC0-301F-11D3-BF4B-00C04F79EFBC}") = "MoreSavesMod", "testmods\MoreSavesMod\MoreSavesMod.csproj", "{C978FA6B-D3D2-47A9-BB36-94EA9AD4BD8A}"
EndProject
Project("{FAE04EC0-301F-11D3-BF4B-00C04F79EFBC}") = "ZoomMod", "testmods\ZoomMod\ZoomMod.csproj", "{A5A28C6C-CF04-41DE-94D9-CFEF602CCEB1}"
EndProject
Project("{FAE04EC0-301F-11D3-BF4B-00C04F79EFBC}") = "ChestLocatorEnhancerMod", "testmods\ChestLocatorEnhancerMod\ChestLocatorEnhancerMod.csproj", "{06B90E2D-7A22-4B54-BA4E-1D9C44F0C674}"
EndProject
Project("{FAE04EC0-301F-11D3-BF4B-00C04F79EFBC}") = "StrongPlantingGunMod", "testmods\StrongPlantingGunMod\StrongPlantingGunMod.csproj", "{FD54CF20-09C4-4023-B156-30B4C002A7B7}"
EndProject
Project("{FAE04EC0-301F-11D3-BF4B-00C04F79EFBC}") = "AutoHarvestMod", "testmods\AutoHarvestMod\AutoHarvestMod.csproj", "{DDD65413-9C8B-4550-8F7D-5344F1590394}"
EndProject
Project("{FAE04EC0-301F-11D3-BF4B-00C04F79EFBC}") = "CropHarvestingQaMod", "testmods\CropHarvestingQaMod\CropHarvestingQaMod.csproj", "{2BADC1A2-626E-4DD8-9DB3-529ADD6B9118}"
EndProject
Project("{FAE04EC0-301F-11D3-BF4B-00C04F79EFBC}") = "HookProbeMod", "testmods\HookProbeMod\HookProbeMod.csproj", "{9FE8B8D4-C113-424B-8D57-5EE1CB82AD50}"
EndProject
Project("{FAE04EC0-301F-11D3-BF4B-00C04F79EFBC}") = "ManboCardboardAudioMod", "testmods\ManboCardboardAudioMod\ManboCardboardAudioMod.csproj", "{8A23B6E1-2C68-4F59-9CC5-3DA0F6C3C3DF}"
EndProject
Project("{2150E333-8FDC-42A3-9474-1A3956D46DE8}") = "tests", "tests", "{D93B1881-1107-4C94-A8A9-1C55CA679FB6}"
EndProject
Project("{FAE04EC0-301F-11D3-BF4B-00C04F79EFBC}") = "DTMAPI.UnitTests", "tests\DTMAPI.UnitTests\DTMAPI.UnitTests.csproj", "{BEC26165-D23D-46C4-B5F4-093041BC43F2}"
EndProject
Project("{FAE04EC0-301F-11D3-BF4B-00C04F79EFBC}") = "FishBreedingAssistantMod", "testmods\FishBreedingAssistantMod\FishBreedingAssistantMod.csproj", "{7CB75306-A916-436A-AC1E-A4BC730FE627}"
EndProject
Global
	GlobalSection(SolutionConfigurationPlatforms) = preSolution
		Debug|Any CPU = Debug|Any CPU
		Release|Any CPU = Release|Any CPU
	EndGlobalSection
	GlobalSection(SolutionProperties) = preSolution
		HideSolutionNode = FALSE
	EndGlobalSection
	GlobalSection(ProjectConfigurationPlatforms) = postSolution
		{4AC0BBD8-15E5-4C31-A852-EC1C7C234258}.Debug|Any CPU.ActiveCfg = Debug|Any CPU
		{4AC0BBD8-15E5-4C31-A852-EC1C7C234258}.Debug|Any CPU.Build.0 = Debug|Any CPU
		{4AC0BBD8-15E5-4C31-A852-EC1C7C234258}.Release|Any CPU.ActiveCfg = Release|Any CPU
		{4AC0BBD8-15E5-4C31-A852-EC1C7C234258}.Release|Any CPU.Build.0 = Release|Any CPU
		{6CAEB39C-D68A-40AC-8E43-3640BCD87E54}.Debug|Any CPU.ActiveCfg = Debug|Any CPU
		{6CAEB39C-D68A-40AC-8E43-3640BCD87E54}.Debug|Any CPU.Build.0 = Debug|Any CPU
		{6CAEB39C-D68A-40AC-8E43-3640BCD87E54}.Release|Any CPU.ActiveCfg = Release|Any CPU
		{6CAEB39C-D68A-40AC-8E43-3640BCD87E54}.Release|Any CPU.Build.0 = Release|Any CPU
		{3494EF27-6559-4CB9-8BE3-C9528DF4C0D2}.Debug|Any CPU.ActiveCfg = Debug|Any CPU
		{3494EF27-6559-4CB9-8BE3-C9528DF4C0D2}.Debug|Any CPU.Build.0 = Debug|Any CPU
		{3494EF27-6559-4CB9-8BE3-C9528DF4C0D2}.Release|Any CPU.ActiveCfg = Release|Any CPU
		{3494EF27-6559-4CB9-8BE3-C9528DF4C0D2}.Release|Any CPU.Build.0 = Release|Any CPU
		{ED8AD6DB-5D0E-409D-A6DB-204F8218C5F6}.Debug|Any CPU.ActiveCfg = Debug|Any CPU
		{ED8AD6DB-5D0E-409D-A6DB-204F8218C5F6}.Debug|Any CPU.Build.0 = Debug|Any CPU
		{ED8AD6DB-5D0E-409D-A6DB-204F8218C5F6}.Release|Any CPU.ActiveCfg = Release|Any CPU
		{ED8AD6DB-5D0E-409D-A6DB-204F8218C5F6}.Release|Any CPU.Build.0 = Release|Any CPU
		{5732C453-A14A-4728-836A-6B8DA2E80CF7}.Debug|Any CPU.ActiveCfg = Debug|Any CPU
		{5732C453-A14A-4728-836A-6B8DA2E80CF7}.Debug|Any CPU.Build.0 = Debug|Any CPU
		{5732C453-A14A-4728-836A-6B8DA2E80CF7}.Release|Any CPU.ActiveCfg = Release|Any CPU
		{5732C453-A14A-4728-836A-6B8DA2E80CF7}.Release|Any CPU.Build.0 = Release|Any CPU
		{41173178-362F-4734-B89F-E2F885B5D695}.Debug|Any CPU.ActiveCfg = Debug|Any CPU
		{41173178-362F-4734-B89F-E2F885B5D695}.Debug|Any CPU.Build.0 = Debug|Any CPU
		{41173178-362F-4734-B89F-E2F885B5D695}.Release|Any CPU.ActiveCfg = Release|Any CPU
		{41173178-362F-4734-B89F-E2F885B5D695}.Release|Any CPU.Build.0 = Release|Any CPU
		{3E4E49DC-4BA2-421C-9BA5-7490F18A7A46}.Debug|Any CPU.ActiveCfg = Debug|Any CPU
		{3E4E49DC-4BA2-421C-9BA5-7490F18A7A46}.Debug|Any CPU.Build.0 = Debug|Any CPU
		{3E4E49DC-4BA2-421C-9BA5-7490F18A7A46}.Release|Any CPU.ActiveCfg = Release|Any CPU
		{3E4E49DC-4BA2-421C-9BA5-7490F18A7A46}.Release|Any CPU.Build.0 = Release|Any CPU
		{9E968EF6-AB4B-4509-ACC1-1BD3AEB934BA}.Debug|Any CPU.ActiveCfg = Debug|Any CPU
		{9E968EF6-AB4B-4509-ACC1-1BD3AEB934BA}.Debug|Any CPU.Build.0 = Debug|Any CPU
		{9E968EF6-AB4B-4509-ACC1-1BD3AEB934BA}.Release|Any CPU.ActiveCfg = Release|Any CPU
		{9E968EF6-AB4B-4509-ACC1-1BD3AEB934BA}.Release|Any CPU.Build.0 = Release|Any CPU
		{90C40752-5DEA-4809-9C6C-87C2CDA6F32B}.Debug|Any CPU.ActiveCfg = Debug|Any CPU
		{90C40752-5DEA-4809-9C6C-87C2CDA6F32B}.Debug|Any CPU.Build.0 = Debug|Any CPU
		{90C40752-5DEA-4809-9C6C-87C2CDA6F32B}.Release|Any CPU.ActiveCfg = Release|Any CPU
		{90C40752-5DEA-4809-9C6C-87C2CDA6F32B}.Release|Any CPU.Build.0 = Release|Any CPU
		{E451FDB4-5E9D-45DE-82E5-1DF7C9D978D5}.Debug|Any CPU.ActiveCfg = Debug|Any CPU
		{E451FDB4-5E9D-45DE-82E5-1DF7C9D978D5}.Debug|Any CPU.Build.0 = Debug|Any CPU
		{E451FDB4-5E9D-45DE-82E5-1DF7C9D978D5}.Release|Any CPU.ActiveCfg = Release|Any CPU
		{E451FDB4-5E9D-45DE-82E5-1DF7C9D978D5}.Release|Any CPU.Build.0 = Release|Any CPU
		{57AAC8CA-09C1-4440-8B6E-A015B5FFFC79}.Debug|Any CPU.ActiveCfg = Debug|Any CPU
		{57AAC8CA-09C1-4440-8B6E-A015B5FFFC79}.Debug|Any CPU.Build.0 = Debug|Any CPU
		{57AAC8CA-09C1-4440-8B6E-A015B5FFFC79}.Release|Any CPU.ActiveCfg = Release|Any CPU
		{57AAC8CA-09C1-4440-8B6E-A015B5FFFC79}.Release|Any CPU.Build.0 = Release|Any CPU
		{79DD93CD-FBA4-4844-9293-28F1B49D9707}.Debug|Any CPU.ActiveCfg = Debug|Any CPU
		{79DD93CD-FBA4-4844-9293-28F1B49D9707}.Debug|Any CPU.Build.0 = Debug|Any CPU
		{79DD93CD-FBA4-4844-9293-28F1B49D9707}.Release|Any CPU.ActiveCfg = Release|Any CPU
		{79DD93CD-FBA4-4844-9293-28F1B49D9707}.Release|Any CPU.Build.0 = Release|Any CPU
		{1C0BA80E-BE7C-47DD-83BC-271094AF107A}.Debug|Any CPU.ActiveCfg = Debug|Any CPU
		{1C0BA80E-BE7C-47DD-83BC-271094AF107A}.Debug|Any CPU.Build.0 = Debug|Any CPU
		{1C0BA80E-BE7C-47DD-83BC-271094AF107A}.Release|Any CPU.ActiveCfg = Release|Any CPU
		{1C0BA80E-BE7C-47DD-83BC-271094AF107A}.Release|Any CPU.Build.0 = Release|Any CPU
		{BD7DACF6-C826-420E-8A3C-17A13B24628F}.Debug|Any CPU.ActiveCfg = Debug|Any CPU
		{BD7DACF6-C826-420E-8A3C-17A13B24628F}.Debug|Any CPU.Build.0 = Debug|Any CPU
		{BD7DACF6-C826-420E-8A3C-17A13B24628F}.Release|Any CPU.ActiveCfg = Release|Any CPU
		{BD7DACF6-C826-420E-8A3C-17A13B24628F}.Release|Any CPU.Build.0 = Release|Any CPU
		{E867EDE1-54EA-488F-9D7C-B8DDC2B8BC11}.Debug|Any CPU.ActiveCfg = Debug|Any CPU
		{E867EDE1-54EA-488F-9D7C-B8DDC2B8BC11}.Debug|Any CPU.Build.0 = Debug|Any CPU
		{E867EDE1-54EA-488F-9D7C-B8DDC2B8BC11}.Release|Any CPU.ActiveCfg = Release|Any CPU
		{E867EDE1-54EA-488F-9D7C-B8DDC2B8BC11}.Release|Any CPU.Build.0 = Release|Any CPU
		{57C0B742-9793-409C-AD35-7DBD0D7F6E20}.Debug|Any CPU.ActiveCfg = Debug|Any CPU
		{57C0B742-9793-409C-AD35-7DBD0D7F6E20}.Debug|Any CPU.Build.0 = Debug|Any CPU
		{57C0B742-9793-409C-AD35-7DBD0D7F6E20}.Release|Any CPU.ActiveCfg = Release|Any CPU
		{57C0B742-9793-409C-AD35-7DBD0D7F6E20}.Release|Any CPU.Build.0 = Release|Any CPU
		{C978FA6B-D3D2-47A9-BB36-94EA9AD4BD8A}.Debug|Any CPU.ActiveCfg = Debug|Any CPU
		{C978FA6B-D3D2-47A9-BB36-94EA9AD4BD8A}.Debug|Any CPU.Build.0 = Debug|Any CPU
		{C978FA6B-D3D2-47A9-BB36-94EA9AD4BD8A}.Release|Any CPU.ActiveCfg = Release|Any CPU
		{C978FA6B-D3D2-47A9-BB36-94EA9AD4BD8A}.Release|Any CPU.Build.0 = Release|Any CPU
		{A5A28C6C-CF04-41DE-94D9-CFEF602CCEB1}.Debug|Any CPU.ActiveCfg = Debug|Any CPU
		{A5A28C6C-CF04-41DE-94D9-CFEF602CCEB1}.Debug|Any CPU.Build.0 = Debug|Any CPU
		{A5A28C6C-CF04-41DE-94D9-CFEF602CCEB1}.Release|Any CPU.ActiveCfg = Release|Any CPU
		{A5A28C6C-CF04-41DE-94D9-CFEF602CCEB1}.Release|Any CPU.Build.0 = Release|Any CPU
		{06B90E2D-7A22-4B54-BA4E-1D9C44F0C674}.Debug|Any CPU.ActiveCfg = Debug|Any CPU
		{06B90E2D-7A22-4B54-BA4E-1D9C44F0C674}.Debug|Any CPU.Build.0 = Debug|Any CPU
		{06B90E2D-7A22-4B54-BA4E-1D9C44F0C674}.Release|Any CPU.ActiveCfg = Release|Any CPU
		{06B90E2D-7A22-4B54-BA4E-1D9C44F0C674}.Release|Any CPU.Build.0 = Release|Any CPU
		{FD54CF20-09C4-4023-B156-30B4C002A7B7}.Debug|Any CPU.ActiveCfg = Debug|Any CPU
		{FD54CF20-09C4-4023-B156-30B4C002A7B7}.Debug|Any CPU.Build.0 = Debug|Any CPU
		{FD54CF20-09C4-4023-B156-30B4C002A7B7}.Release|Any CPU.ActiveCfg = Release|Any CPU
		{FD54CF20-09C4-4023-B156-30B4C002A7B7}.Release|Any CPU.Build.0 = Release|Any CPU
		{DDD65413-9C8B-4550-8F7D-5344F1590394}.Debug|Any CPU.ActiveCfg = Debug|Any CPU
		{DDD65413-9C8B-4550-8F7D-5344F1590394}.Debug|Any CPU.Build.0 = Debug|Any CPU
		{DDD65413-9C8B-4550-8F7D-5344F1590394}.Release|Any CPU.ActiveCfg = Release|Any CPU
		{DDD65413-9C8B-4550-8F7D-5344F1590394}.Release|Any CPU.Build.0 = Release|Any CPU
		{2BADC1A2-626E-4DD8-9DB3-529ADD6B9118}.Debug|Any CPU.ActiveCfg = Debug|Any CPU
		{2BADC1A2-626E-4DD8-9DB3-529ADD6B9118}.Debug|Any CPU.Build.0 = Debug|Any CPU
		{2BADC1A2-626E-4DD8-9DB3-529ADD6B9118}.Release|Any CPU.ActiveCfg = Release|Any CPU
		{2BADC1A2-626E-4DD8-9DB3-529ADD6B9118}.Release|Any CPU.Build.0 = Release|Any CPU
		{9FE8B8D4-C113-424B-8D57-5EE1CB82AD50}.Debug|Any CPU.ActiveCfg = Debug|Any CPU
		{9FE8B8D4-C113-424B-8D57-5EE1CB82AD50}.Debug|Any CPU.Build.0 = Debug|Any CPU
		{9FE8B8D4-C113-424B-8D57-5EE1CB82AD50}.Release|Any CPU.ActiveCfg = Release|Any CPU
		{9FE8B8D4-C113-424B-8D57-5EE1CB82AD50}.Release|Any CPU.Build.0 = Release|Any CPU
		{8A23B6E1-2C68-4F59-9CC5-3DA0F6C3C3DF}.Debug|Any CPU.ActiveCfg = Debug|Any CPU
		{8A23B6E1-2C68-4F59-9CC5-3DA0F6C3C3DF}.Debug|Any CPU.Build.0 = Debug|Any CPU
		{8A23B6E1-2C68-4F59-9CC5-3DA0F6C3C3DF}.Release|Any CPU.ActiveCfg = Release|Any CPU
		{8A23B6E1-2C68-4F59-9CC5-3DA0F6C3C3DF}.Release|Any CPU.Build.0 = Release|Any CPU
		{BEC26165-D23D-46C4-B5F4-093041BC43F2}.Debug|Any CPU.ActiveCfg = Debug|Any CPU
		{BEC26165-D23D-46C4-B5F4-093041BC43F2}.Debug|Any CPU.Build.0 = Debug|Any CPU
		{BEC26165-D23D-46C4-B5F4-093041BC43F2}.Release|Any CPU.ActiveCfg = Release|Any CPU
		{BEC26165-D23D-46C4-B5F4-093041BC43F2}.Release|Any CPU.Build.0 = Release|Any CPU
		{7CB75306-A916-436A-AC1E-A4BC730FE627}.Debug|Any CPU.ActiveCfg = Debug|Any CPU
		{7CB75306-A916-436A-AC1E-A4BC730FE627}.Debug|Any CPU.Build.0 = Debug|Any CPU
		{7CB75306-A916-436A-AC1E-A4BC730FE627}.Release|Any CPU.ActiveCfg = Release|Any CPU
		{7CB75306-A916-436A-AC1E-A4BC730FE627}.Release|Any CPU.Build.0 = Release|Any CPU
	EndGlobalSection
	GlobalSection(NestedProjects) = preSolution
		{4AC0BBD8-15E5-4C31-A852-EC1C7C234258} = {5C01E2FF-D96A-47DF-8C80-2BE543396281}
		{6CAEB39C-D68A-40AC-8E43-3640BCD87E54} = {5C01E2FF-D96A-47DF-8C80-2BE543396281}
		{3494EF27-6559-4CB9-8BE3-C9528DF4C0D2} = {5C01E2FF-D96A-47DF-8C80-2BE543396281}
		{ED8AD6DB-5D0E-409D-A6DB-204F8218C5F6} = {5C01E2FF-D96A-47DF-8C80-2BE543396281}
		{5732C453-A14A-4728-836A-6B8DA2E80CF7} = {5C01E2FF-D96A-47DF-8C80-2BE543396281}
		{41173178-362F-4734-B89F-E2F885B5D695} = {5C01E2FF-D96A-47DF-8C80-2BE543396281}
		{3E4E49DC-4BA2-421C-9BA5-7490F18A7A46} = {EDC76BBF-0DE4-474A-9887-82306D0B7558}
		{9E968EF6-AB4B-4509-ACC1-1BD3AEB934BA} = {EDC76BBF-0DE4-474A-9887-82306D0B7558}
		{90C40752-5DEA-4809-9C6C-87C2CDA6F32B} = {EDC76BBF-0DE4-474A-9887-82306D0B7558}
		{E451FDB4-5E9D-45DE-82E5-1DF7C9D978D5} = {EDC76BBF-0DE4-474A-9887-82306D0B7558}
		{57AAC8CA-09C1-4440-8B6E-A015B5FFFC79} = {EDC76BBF-0DE4-474A-9887-82306D0B7558}
		{79DD93CD-FBA4-4844-9293-28F1B49D9707} = {EDC76BBF-0DE4-474A-9887-82306D0B7558}
		{1C0BA80E-BE7C-47DD-83BC-271094AF107A} = {EDC76BBF-0DE4-474A-9887-82306D0B7558}
		{BD7DACF6-C826-420E-8A3C-17A13B24628F} = {EDC76BBF-0DE4-474A-9887-82306D0B7558}
		{E867EDE1-54EA-488F-9D7C-B8DDC2B8BC11} = {EDC76BBF-0DE4-474A-9887-82306D0B7558}
		{57C0B742-9793-409C-AD35-7DBD0D7F6E20} = {EDC76BBF-0DE4-474A-9887-82306D0B7558}
		{C978FA6B-D3D2-47A9-BB36-94EA9AD4BD8A} = {EDC76BBF-0DE4-474A-9887-82306D0B7558}
		{A5A28C6C-CF04-41DE-94D9-CFEF602CCEB1} = {EDC76BBF-0DE4-474A-9887-82306D0B7558}
		{06B90E2D-7A22-4B54-BA4E-1D9C44F0C674} = {EDC76BBF-0DE4-474A-9887-82306D0B7558}
		{FD54CF20-09C4-4023-B156-30B4C002A7B7} = {EDC76BBF-0DE4-474A-9887-82306D0B7558}
		{DDD65413-9C8B-4550-8F7D-5344F1590394} = {EDC76BBF-0DE4-474A-9887-82306D0B7558}
		{2BADC1A2-626E-4DD8-9DB3-529ADD6B9118} = {EDC76BBF-0DE4-474A-9887-82306D0B7558}
		{9FE8B8D4-C113-424B-8D57-5EE1CB82AD50} = {EDC76BBF-0DE4-474A-9887-82306D0B7558}
		{8A23B6E1-2C68-4F59-9CC5-3DA0F6C3C3DF} = {EDC76BBF-0DE4-474A-9887-82306D0B7558}
		{BEC26165-D23D-46C4-B5F4-093041BC43F2} = {D93B1881-1107-4C94-A8A9-1C55CA679FB6}
		{7CB75306-A916-436A-AC1E-A4BC730FE627} = {EDC76BBF-0DE4-474A-9887-82306D0B7558}
	EndGlobalSection
EndGlobal
