
Microsoft Visual Studio Solution File, Format Version 12.00
# Visual Studio Version 17
VisualStudioVersion = 17.0.31903.59
MinimumVisualStudioVersion = 10.0.40219.1
Project("{2150E333-8FDC-42A3-9474-1A3956D46DE8}") = "src", "src", "{5C01E2FF-D96A-47DF-8C80-2BE543396281}"
EndProject
Project("{FAE04EC0-301F-11D3-BF4B-00C04F79EFBC}") = "DTMAPI.BepInExStubs", "src\DTMAPI.BepInExStubs\DTMAPI.BepInExStubs.csproj", "{4AC0BBD8-15E5-4C31-A852-EC1C7C234258}"
EndProject
Project("{FAE04EC0-301F-11D3-BF4B-00C04F79EFBC}") = "DTMAPI.Abstractions", "src\DTMAPI.Abstractions\DTMAPI.Abstractions.csproj", "{6CAEB39C-D68A-40AC-8E43-3640BCD87E54}"
EndProject
Project("{FAE04EC0-301F-11D3-BF4B-00C04F79EFBC}") = "DTMAPI.Core", "src\DTMAPI.Core\DTMAPI.Core.csproj", "{3494EF27-6559-4CB9-8BE3-C9528DF4C0D2}"
EndProject
Project("{FAE04EC0-301F-11D3-BF4B-00C04F79EFBC}") = "DTMAPI.ModConfigMenu", "src\DTMAPI.ModConfigMenu\DTMAPI.ModConfigMenu.csproj", "{ED8AD6DB-5D0E-409D-A6DB-204F8218C5F6}"
EndProject
Project("{FAE04EC0-301F-11D3-BF4B-00C04F79EFBC}") = "DTMAPI.GameBridge.DolocTown", "src\DTMAPI.GameBridge.DolocTown\DTMAPI.GameBridge.DolocTown.csproj", "{5732C453-A14A-4728-836A-6B8DA2E80CF7}"
EndProject
Project("{FAE04EC0-301F-11D3-BF4B-00C04F79EFBC}") = "DTMAPI.GameBridge.DolocTown.QA", "src\DTMAPI.GameBridge.DolocTown.QA\DTMAPI.GameBridge.DolocTown.QA.csproj", "{B45A189E-CC96-4AC4-AE68-EDACB7AEE113}"
EndProject
Project("{FAE04EC0-301F-11D3-BF4B-00C04F79EFBC}") = "DTMAPI.BepInExBootstrap", "src\DTMAPI.BepInExBootstrap\DTMAPI.BepInExBootstrap.csproj", "{41173178-362F-4734-B89F-E2F885B5D695}"
EndProject
Project("{FAE04EC0-301F-11D3-BF4B-00C04F79EFBC}") = "DTMAPI.Authoring.Contracts", "src\DTMAPI.Authoring.Contracts\DTMAPI.Authoring.Contracts.csproj", "{283D92C1-C9BD-48DB-9389-42DB6E38E1B8}"
EndProject
Project("{FAE04EC0-301F-11D3-BF4B-00C04F79EFBC}") = "DTMAPI.AuthorSdk", "src\DTMAPI.AuthorSdk\DTMAPI.AuthorSdk.csproj", "{F82F4BB6-91C6-4AB9-9A08-CC66F11E461E}"
EndProject
Project("{FAE04EC0-301F-11D3-BF4B-00C04F79EFBC}") = "DTMAPI.Tooling.Metadata", "src\DTMAPI.Tooling.Metadata\DTMAPI.Tooling.Metadata.csproj", "{488EF2A8-FEB9-4620-A944-7CDF50835B7C}"
EndProject
Project("{FAE04EC0-301F-11D3-BF4B-00C04F79EFBC}") = "DTMAPI.InstallDoctor", "src\DTMAPI.InstallDoctor\DTMAPI.InstallDoctor.csproj", "{B1E06667-7E8F-4CEB-BAA8-F3DF4843FFB2}"
EndProject
Project("{FAE04EC0-301F-11D3-BF4B-00C04F79EFBC}") = "DTMAPI.PlayerDoctor", "src\DTMAPI.PlayerDoctor\DTMAPI.PlayerDoctor.csproj", "{C45B0DD9-5401-41F0-9B25-EE7C9852DD5B}"
EndProject
Project("{FAE04EC0-301F-11D3-BF4B-00C04F79EFBC}") = "DTMAPI.MultiPlatformInstaller", "src\DTMAPI.MultiPlatformInstaller\DTMAPI.MultiPlatformInstaller.csproj", "{6A39A4AA-83C8-4B79-9D5C-FA59E9272DD8}"
EndProject
Project("{FAE04EC0-301F-11D3-BF4B-00C04F79EFBC}") = "DTMAPI.MultiPlatformInstaller.Tests", "tests\DTMAPI.MultiPlatformInstaller.Tests\DTMAPI.MultiPlatformInstaller.Tests.csproj", "{BCC359DC-F723-4E5C-B67E-89A35B5DF416}"
EndProject
Project("{2150E333-8FDC-42A3-9474-1A3956D46DE8}") = "author-sdk", "author-sdk", "{EDC76BBF-0DE4-474A-9887-82306D0B7558}"
EndProject
Project("{2150E333-8FDC-42A3-9474-1A3956D46DE8}") = "products", "products", "{3D1A2FC2-C3AB-4E64-9B9A-8E9D61BB3E01}"
EndProject
Project("{FAE04EC0-301F-11D3-BF4B-00C04F79EFBC}") = "HelloDtmMod", "author-sdk\examples\HelloDtm\HelloDtmMod.csproj", "{3E4E49DC-4BA2-421C-9BA5-7490F18A7A46}"
EndProject
Project("{FAE04EC0-301F-11D3-BF4B-00C04F79EFBC}") = "ConfigMenuExample", "author-sdk\examples\ConfigMenu\ConfigMenuExample.csproj", "{9E968EF6-AB4B-4509-ACC1-1BD3AEB934BA}"
EndProject
Project("{FAE04EC0-301F-11D3-BF4B-00C04F79EFBC}") = "AutoHarvestMod", "author-sdk\samples\api-demand\AutoHarvest\AutoHarvestMod.csproj", "{DDD65413-9C8B-4550-8F7D-5344F1590394}"
EndProject
Project("{FAE04EC0-301F-11D3-BF4B-00C04F79EFBC}") = "CropHarvestingQaMod", "tests\mod-fixtures\qa\CropHarvesting\CropHarvestingQaMod.csproj", "{2BADC1A2-626E-4DD8-9DB3-529ADD6B9118}"
EndProject
Project("{FAE04EC0-301F-11D3-BF4B-00C04F79EFBC}") = "HookProbeMod", "tests\mod-fixtures\qa\HookProbe\HookProbeMod.csproj", "{9FE8B8D4-C113-424B-8D57-5EE1CB82AD50}"
EndProject
Project("{FAE04EC0-301F-11D3-BF4B-00C04F79EFBC}") = "ManboCardboardAudioMod", "products\first-party\ManboCardboardAudio\ManboCardboardAudioMod.csproj", "{8A23B6E1-2C68-4F59-9CC5-3DA0F6C3C3DF}"
EndProject
Project("{2150E333-8FDC-42A3-9474-1A3956D46DE8}") = "tests", "tests", "{D93B1881-1107-4C94-A8A9-1C55CA679FB6}"
EndProject
Project("{FAE04EC0-301F-11D3-BF4B-00C04F79EFBC}") = "DTMAPI.UnitTests", "tests\DTMAPI.UnitTests\DTMAPI.UnitTests.csproj", "{BEC26165-D23D-46C4-B5F4-093041BC43F2}"
EndProject
Project("{FAE04EC0-301F-11D3-BF4B-00C04F79EFBC}") = "DTMAPI.AuthorSdk.Tests", "tests\DTMAPI.AuthorSdk.Tests\DTMAPI.AuthorSdk.Tests.csproj", "{470B3E2C-7574-4C68-9079-0331199BEF86}"
EndProject
Project("{FAE04EC0-301F-11D3-BF4B-00C04F79EFBC}") = "DTMAPI.InstallDoctor.Tests", "tests\DTMAPI.InstallDoctor.Tests\DTMAPI.InstallDoctor.Tests.csproj", "{1055C224-AC71-431E-8D9D-B96C042C0190}"
EndProject
Project("{FAE04EC0-301F-11D3-BF4B-00C04F79EFBC}") = "DTMAPI.GameBridge.DolocTown.Compatibility", "src\DTMAPI.GameBridge.DolocTown.Compatibility\DTMAPI.GameBridge.DolocTown.Compatibility.csproj", "{6F30FAB6-93F0-4256-942D-C5E88364EB90}"
EndProject
Project("{FAE04EC0-301F-11D3-BF4B-00C04F79EFBC}") = "DTMAPI.QaUnitTests", "tests\DTMAPI.QaUnitTests\DTMAPI.QaUnitTests.csproj", "{94E9234B-C772-49BB-9FF5-413702C33BB5}"
EndProject
Project("{FAE04EC0-301F-11D3-BF4B-00C04F79EFBC}") = "DTMAPI.AbiCompatibilityHarness", "tests\DTMAPI.AbiCompatibilityHarness\DTMAPI.AbiCompatibilityHarness.csproj", "{764FD64C-1904-4C0F-A160-899E63571529}"
EndProject
Project("{FAE04EC0-301F-11D3-BF4B-00C04F79EFBC}") = "DTMAPI.MoreSaves.Tests", "tests\DTMAPI.MoreSaves.Tests\DTMAPI.MoreSaves.Tests.csproj", "{FE55A280-31D8-46BC-A21E-D9DA08AEC447}"
EndProject
Project("{FAE04EC0-301F-11D3-BF4B-00C04F79EFBC}") = "DTMAPI.Core.Tests", "tests\DTMAPI.Core.Tests\DTMAPI.Core.Tests.csproj", "{72580FB4-474C-4EA0-A999-D37F31E60453}"
EndProject
Project("{FAE04EC0-301F-11D3-BF4B-00C04F79EFBC}") = "DTMAPI.RuntimeIntegration.Tests", "tests\DTMAPI.RuntimeIntegration.Tests\DTMAPI.RuntimeIntegration.Tests.csproj", "{CE180E53-6AFA-421B-8DF1-C367741ADEEE}"
EndProject
Project("{FAE04EC0-301F-11D3-BF4B-00C04F79EFBC}") = "DTMAPI.Compatibility.Tests", "tests\DTMAPI.Compatibility.Tests\DTMAPI.Compatibility.Tests.csproj", "{AD3735A9-E844-4354-93E3-8C822013DBB9}"
EndProject
Project("{FAE04EC0-301F-11D3-BF4B-00C04F79EFBC}") = "DTMAPI.AnimalHusbandry.Tests", "tests\DTMAPI.AnimalHusbandry.Tests\DTMAPI.AnimalHusbandry.Tests.csproj", "{4692D56E-E785-4119-BA3A-96DBE02F96FF}"
EndProject
Project("{FAE04EC0-301F-11D3-BF4B-00C04F79EFBC}") = "DTMAPI.AutoFishing.Tests", "tests\DTMAPI.AutoFishing.Tests\DTMAPI.AutoFishing.Tests.csproj", "{E675F159-6002-4DCF-9B49-1FFB43DC21C8}"
EndProject
Project("{FAE04EC0-301F-11D3-BF4B-00C04F79EFBC}") = "DTMAPI.AutoHarvest.Tests", "tests\DTMAPI.AutoHarvest.Tests\DTMAPI.AutoHarvest.Tests.csproj", "{23925752-E578-49EB-8A2C-B1B15584F86F}"
EndProject
Project("{FAE04EC0-301F-11D3-BF4B-00C04F79EFBC}") = "DTMAPI.ChestLocator.Tests", "tests\DTMAPI.ChestLocator.Tests\DTMAPI.ChestLocator.Tests.csproj", "{E344C01C-62C8-446E-9FCA-889D45B8D93A}"
EndProject
Project("{FAE04EC0-301F-11D3-BF4B-00C04F79EFBC}") = "DTMAPI.MoreEquipmentSlots.Tests", "tests\DTMAPI.MoreEquipmentSlots.Tests\DTMAPI.MoreEquipmentSlots.Tests.csproj", "{FBC89E2D-C265-4C6E-AA2E-AB199647FEDA}"
EndProject
Project("{FAE04EC0-301F-11D3-BF4B-00C04F79EFBC}") = "DTMAPI.StrongPlantingGun.Tests", "tests\DTMAPI.StrongPlantingGun.Tests\DTMAPI.StrongPlantingGun.Tests.csproj", "{864CD1F7-531C-47C1-9975-C61B724CFF7A}"
EndProject
Project("{FAE04EC0-301F-11D3-BF4B-00C04F79EFBC}") = "DTMAPI.Zoom.Tests", "tests\DTMAPI.Zoom.Tests\DTMAPI.Zoom.Tests.csproj", "{EBC5A670-5F72-4A76-90F9-FACE80F5607E}"
EndProject
Project("{FAE04EC0-301F-11D3-BF4B-00C04F79EFBC}") = "DTMAPI.Mine.Tests", "tests\DTMAPI.Mine.Tests\DTMAPI.Mine.Tests.csproj", "{28287492-2C6B-4F1B-A2FD-7C3CCF70E3C5}"
EndProject
Project("{FAE04EC0-301F-11D3-BF4B-00C04F79EFBC}") = "DTMAPI.DebugConsole.Tests", "tests\DTMAPI.DebugConsole.Tests\DTMAPI.DebugConsole.Tests.csproj", "{479E2D3C-C15C-494C-B875-0130526EE989}"
EndProject
Project("{FAE04EC0-301F-11D3-BF4B-00C04F79EFBC}") = "DTMAPI.OilContent.Tests", "tests\DTMAPI.OilContent.Tests\DTMAPI.OilContent.Tests.csproj", "{B972FC8F-5D8B-4633-9E96-1BF756AE21E7}"
EndProject
Project("{FAE04EC0-301F-11D3-BF4B-00C04F79EFBC}") = "DTMAPI.SourceContracts.Tests", "tests\DTMAPI.SourceContracts.Tests\DTMAPI.SourceContracts.Tests.csproj", "{5644E63D-0D35-458C-A375-8E00076DF3A9}"
EndProject
Project("{FAE04EC0-301F-11D3-BF4B-00C04F79EFBC}") = "DTMAPI.SourceArbitration.Tests", "tests\DTMAPI.SourceArbitration.Tests\DTMAPI.SourceArbitration.Tests.csproj", "{9079886D-5F8A-42FD-B68F-C428D686AE1E}"
EndProject
Global
	GlobalSection(SolutionConfigurationPlatforms) = preSolution
		Debug|Any CPU = Debug|Any CPU
		Release|Any CPU = Release|Any CPU
	EndGlobalSection
	GlobalSection(SolutionProperties) = preSolution
		HideSolutionNode = FALSE
	EndGlobalSection
	GlobalSection(ProjectConfigurationPlatforms) = postSolution
		{94E9234B-C772-49BB-9FF5-413702C33BB5}.Debug|Any CPU.ActiveCfg = Debug|Any CPU
		{94E9234B-C772-49BB-9FF5-413702C33BB5}.Debug|Any CPU.Build.0 = Debug|Any CPU
		{94E9234B-C772-49BB-9FF5-413702C33BB5}.Release|Any CPU.ActiveCfg = Release|Any CPU
		{94E9234B-C772-49BB-9FF5-413702C33BB5}.Release|Any CPU.Build.0 = Release|Any CPU
		{764FD64C-1904-4C0F-A160-899E63571529}.Debug|Any CPU.ActiveCfg = Debug|Any CPU
		{764FD64C-1904-4C0F-A160-899E63571529}.Debug|Any CPU.Build.0 = Debug|Any CPU
		{764FD64C-1904-4C0F-A160-899E63571529}.Release|Any CPU.ActiveCfg = Release|Any CPU
		{764FD64C-1904-4C0F-A160-899E63571529}.Release|Any CPU.Build.0 = Release|Any CPU
		{4AC0BBD8-15E5-4C31-A852-EC1C7C234258}.Debug|Any CPU.ActiveCfg = Debug|Any CPU
		{4AC0BBD8-15E5-4C31-A852-EC1C7C234258}.Debug|Any CPU.Build.0 = Debug|Any CPU
		{4AC0BBD8-15E5-4C31-A852-EC1C7C234258}.Release|Any CPU.ActiveCfg = Release|Any CPU
		{4AC0BBD8-15E5-4C31-A852-EC1C7C234258}.Release|Any CPU.Build.0 = Release|Any CPU
		{6CAEB39C-D68A-40AC-8E43-3640BCD87E54}.Debug|Any CPU.ActiveCfg = Debug|Any CPU
		{6CAEB39C-D68A-40AC-8E43-3640BCD87E54}.Debug|Any CPU.Build.0 = Debug|Any CPU
		{6CAEB39C-D68A-40AC-8E43-3640BCD87E54}.Release|Any CPU.ActiveCfg = Release|Any CPU
		{6CAEB39C-D68A-40AC-8E43-3640BCD87E54}.Release|Any CPU.Build.0 = Release|Any CPU
		{3494EF27-6559-4CB9-8BE3-C9528DF4C0D2}.Debug|Any CPU.ActiveCfg = Debug|Any CPU
		{3494EF27-6559-4CB9-8BE3-C9528DF4C0D2}.Debug|Any CPU.Build.0 = Debug|Any CPU
		{3494EF27-6559-4CB9-8BE3-C9528DF4C0D2}.Release|Any CPU.ActiveCfg = Release|Any CPU
		{3494EF27-6559-4CB9-8BE3-C9528DF4C0D2}.Release|Any CPU.Build.0 = Release|Any CPU
		{ED8AD6DB-5D0E-409D-A6DB-204F8218C5F6}.Debug|Any CPU.ActiveCfg = Debug|Any CPU
		{ED8AD6DB-5D0E-409D-A6DB-204F8218C5F6}.Debug|Any CPU.Build.0 = Debug|Any CPU
		{ED8AD6DB-5D0E-409D-A6DB-204F8218C5F6}.Release|Any CPU.ActiveCfg = Release|Any CPU
		{ED8AD6DB-5D0E-409D-A6DB-204F8218C5F6}.Release|Any CPU.Build.0 = Release|Any CPU
		{5732C453-A14A-4728-836A-6B8DA2E80CF7}.Debug|Any CPU.ActiveCfg = Debug|Any CPU
		{5732C453-A14A-4728-836A-6B8DA2E80CF7}.Debug|Any CPU.Build.0 = Debug|Any CPU
		{5732C453-A14A-4728-836A-6B8DA2E80CF7}.Release|Any CPU.ActiveCfg = Release|Any CPU
		{5732C453-A14A-4728-836A-6B8DA2E80CF7}.Release|Any CPU.Build.0 = Release|Any CPU
		{B45A189E-CC96-4AC4-AE68-EDACB7AEE113}.Debug|Any CPU.ActiveCfg = Debug|Any CPU
		{B45A189E-CC96-4AC4-AE68-EDACB7AEE113}.Debug|Any CPU.Build.0 = Debug|Any CPU
		{B45A189E-CC96-4AC4-AE68-EDACB7AEE113}.Release|Any CPU.ActiveCfg = Release|Any CPU
		{B45A189E-CC96-4AC4-AE68-EDACB7AEE113}.Release|Any CPU.Build.0 = Release|Any CPU
		{41173178-362F-4734-B89F-E2F885B5D695}.Debug|Any CPU.ActiveCfg = Debug|Any CPU
		{41173178-362F-4734-B89F-E2F885B5D695}.Debug|Any CPU.Build.0 = Debug|Any CPU
		{41173178-362F-4734-B89F-E2F885B5D695}.Release|Any CPU.ActiveCfg = Release|Any CPU
		{41173178-362F-4734-B89F-E2F885B5D695}.Release|Any CPU.Build.0 = Release|Any CPU
		{283D92C1-C9BD-48DB-9389-42DB6E38E1B8}.Debug|Any CPU.ActiveCfg = Debug|Any CPU
		{283D92C1-C9BD-48DB-9389-42DB6E38E1B8}.Debug|Any CPU.Build.0 = Debug|Any CPU
		{283D92C1-C9BD-48DB-9389-42DB6E38E1B8}.Release|Any CPU.ActiveCfg = Release|Any CPU
		{283D92C1-C9BD-48DB-9389-42DB6E38E1B8}.Release|Any CPU.Build.0 = Release|Any CPU
		{F82F4BB6-91C6-4AB9-9A08-CC66F11E461E}.Debug|Any CPU.ActiveCfg = Debug|Any CPU
		{F82F4BB6-91C6-4AB9-9A08-CC66F11E461E}.Debug|Any CPU.Build.0 = Debug|Any CPU
		{F82F4BB6-91C6-4AB9-9A08-CC66F11E461E}.Release|Any CPU.ActiveCfg = Release|Any CPU
		{F82F4BB6-91C6-4AB9-9A08-CC66F11E461E}.Release|Any CPU.Build.0 = Release|Any CPU
		{488EF2A8-FEB9-4620-A944-7CDF50835B7C}.Debug|Any CPU.ActiveCfg = Debug|Any CPU
		{488EF2A8-FEB9-4620-A944-7CDF50835B7C}.Debug|Any CPU.Build.0 = Debug|Any CPU
		{488EF2A8-FEB9-4620-A944-7CDF50835B7C}.Release|Any CPU.ActiveCfg = Release|Any CPU
		{488EF2A8-FEB9-4620-A944-7CDF50835B7C}.Release|Any CPU.Build.0 = Release|Any CPU
		{B1E06667-7E8F-4CEB-BAA8-F3DF4843FFB2}.Debug|Any CPU.ActiveCfg = Debug|Any CPU
		{B1E06667-7E8F-4CEB-BAA8-F3DF4843FFB2}.Debug|Any CPU.Build.0 = Debug|Any CPU
		{B1E06667-7E8F-4CEB-BAA8-F3DF4843FFB2}.Release|Any CPU.ActiveCfg = Release|Any CPU
		{B1E06667-7E8F-4CEB-BAA8-F3DF4843FFB2}.Release|Any CPU.Build.0 = Release|Any CPU
		{C45B0DD9-5401-41F0-9B25-EE7C9852DD5B}.Debug|Any CPU.ActiveCfg = Debug|Any CPU
		{C45B0DD9-5401-41F0-9B25-EE7C9852DD5B}.Debug|Any CPU.Build.0 = Debug|Any CPU
		{C45B0DD9-5401-41F0-9B25-EE7C9852DD5B}.Release|Any CPU.ActiveCfg = Release|Any CPU
		{C45B0DD9-5401-41F0-9B25-EE7C9852DD5B}.Release|Any CPU.Build.0 = Release|Any CPU
		{6A39A4AA-83C8-4B79-9D5C-FA59E9272DD8}.Debug|Any CPU.ActiveCfg = Debug|Any CPU
		{6A39A4AA-83C8-4B79-9D5C-FA59E9272DD8}.Debug|Any CPU.Build.0 = Debug|Any CPU
		{6A39A4AA-83C8-4B79-9D5C-FA59E9272DD8}.Release|Any CPU.ActiveCfg = Release|Any CPU
		{6A39A4AA-83C8-4B79-9D5C-FA59E9272DD8}.Release|Any CPU.Build.0 = Release|Any CPU
		{BCC359DC-F723-4E5C-B67E-89A35B5DF416}.Debug|Any CPU.ActiveCfg = Debug|Any CPU
		{BCC359DC-F723-4E5C-B67E-89A35B5DF416}.Debug|Any CPU.Build.0 = Debug|Any CPU
		{BCC359DC-F723-4E5C-B67E-89A35B5DF416}.Release|Any CPU.ActiveCfg = Release|Any CPU
		{BCC359DC-F723-4E5C-B67E-89A35B5DF416}.Release|Any CPU.Build.0 = Release|Any CPU
		{3E4E49DC-4BA2-421C-9BA5-7490F18A7A46}.Debug|Any CPU.ActiveCfg = Debug|Any CPU
		{3E4E49DC-4BA2-421C-9BA5-7490F18A7A46}.Debug|Any CPU.Build.0 = Debug|Any CPU
		{3E4E49DC-4BA2-421C-9BA5-7490F18A7A46}.Release|Any CPU.ActiveCfg = Release|Any CPU
		{3E4E49DC-4BA2-421C-9BA5-7490F18A7A46}.Release|Any CPU.Build.0 = Release|Any CPU
		{9E968EF6-AB4B-4509-ACC1-1BD3AEB934BA}.Debug|Any CPU.ActiveCfg = Debug|Any CPU
		{9E968EF6-AB4B-4509-ACC1-1BD3AEB934BA}.Debug|Any CPU.Build.0 = Debug|Any CPU
		{9E968EF6-AB4B-4509-ACC1-1BD3AEB934BA}.Release|Any CPU.ActiveCfg = Release|Any CPU
		{9E968EF6-AB4B-4509-ACC1-1BD3AEB934BA}.Release|Any CPU.Build.0 = Release|Any CPU
		{DDD65413-9C8B-4550-8F7D-5344F1590394}.Debug|Any CPU.ActiveCfg = Debug|Any CPU
		{DDD65413-9C8B-4550-8F7D-5344F1590394}.Debug|Any CPU.Build.0 = Debug|Any CPU
		{DDD65413-9C8B-4550-8F7D-5344F1590394}.Release|Any CPU.ActiveCfg = Release|Any CPU
		{DDD65413-9C8B-4550-8F7D-5344F1590394}.Release|Any CPU.Build.0 = Release|Any CPU
		{2BADC1A2-626E-4DD8-9DB3-529ADD6B9118}.Debug|Any CPU.ActiveCfg = Debug|Any CPU
		{2BADC1A2-626E-4DD8-9DB3-529ADD6B9118}.Debug|Any CPU.Build.0 = Debug|Any CPU
		{2BADC1A2-626E-4DD8-9DB3-529ADD6B9118}.Release|Any CPU.ActiveCfg = Release|Any CPU
		{2BADC1A2-626E-4DD8-9DB3-529ADD6B9118}.Release|Any CPU.Build.0 = Release|Any CPU
		{9FE8B8D4-C113-424B-8D57-5EE1CB82AD50}.Debug|Any CPU.ActiveCfg = Debug|Any CPU
		{9FE8B8D4-C113-424B-8D57-5EE1CB82AD50}.Debug|Any CPU.Build.0 = Debug|Any CPU
		{9FE8B8D4-C113-424B-8D57-5EE1CB82AD50}.Release|Any CPU.ActiveCfg = Release|Any CPU
		{9FE8B8D4-C113-424B-8D57-5EE1CB82AD50}.Release|Any CPU.Build.0 = Release|Any CPU
		{8A23B6E1-2C68-4F59-9CC5-3DA0F6C3C3DF}.Debug|Any CPU.ActiveCfg = Debug|Any CPU
		{8A23B6E1-2C68-4F59-9CC5-3DA0F6C3C3DF}.Debug|Any CPU.Build.0 = Debug|Any CPU
		{8A23B6E1-2C68-4F59-9CC5-3DA0F6C3C3DF}.Release|Any CPU.ActiveCfg = Release|Any CPU
		{8A23B6E1-2C68-4F59-9CC5-3DA0F6C3C3DF}.Release|Any CPU.Build.0 = Release|Any CPU
		{BEC26165-D23D-46C4-B5F4-093041BC43F2}.Debug|Any CPU.ActiveCfg = Debug|Any CPU
		{BEC26165-D23D-46C4-B5F4-093041BC43F2}.Debug|Any CPU.Build.0 = Debug|Any CPU
		{BEC26165-D23D-46C4-B5F4-093041BC43F2}.Release|Any CPU.ActiveCfg = Release|Any CPU
		{BEC26165-D23D-46C4-B5F4-093041BC43F2}.Release|Any CPU.Build.0 = Release|Any CPU
		{470B3E2C-7574-4C68-9079-0331199BEF86}.Debug|Any CPU.ActiveCfg = Debug|Any CPU
		{470B3E2C-7574-4C68-9079-0331199BEF86}.Debug|Any CPU.Build.0 = Debug|Any CPU
		{470B3E2C-7574-4C68-9079-0331199BEF86}.Release|Any CPU.ActiveCfg = Release|Any CPU
		{470B3E2C-7574-4C68-9079-0331199BEF86}.Release|Any CPU.Build.0 = Release|Any CPU
		{1055C224-AC71-431E-8D9D-B96C042C0190}.Debug|Any CPU.ActiveCfg = Debug|Any CPU
		{1055C224-AC71-431E-8D9D-B96C042C0190}.Debug|Any CPU.Build.0 = Debug|Any CPU
		{1055C224-AC71-431E-8D9D-B96C042C0190}.Release|Any CPU.ActiveCfg = Release|Any CPU
		{1055C224-AC71-431E-8D9D-B96C042C0190}.Release|Any CPU.Build.0 = Release|Any CPU
		{6F30FAB6-93F0-4256-942D-C5E88364EB90}.Debug|Any CPU.ActiveCfg = Debug|Any CPU
		{6F30FAB6-93F0-4256-942D-C5E88364EB90}.Debug|Any CPU.Build.0 = Debug|Any CPU
		{6F30FAB6-93F0-4256-942D-C5E88364EB90}.Release|Any CPU.ActiveCfg = Release|Any CPU
		{6F30FAB6-93F0-4256-942D-C5E88364EB90}.Release|Any CPU.Build.0 = Release|Any CPU
		{FE55A280-31D8-46BC-A21E-D9DA08AEC447}.Debug|Any CPU.ActiveCfg = Debug|Any CPU
		{FE55A280-31D8-46BC-A21E-D9DA08AEC447}.Debug|Any CPU.Build.0 = Debug|Any CPU
		{FE55A280-31D8-46BC-A21E-D9DA08AEC447}.Release|Any CPU.ActiveCfg = Release|Any CPU
		{FE55A280-31D8-46BC-A21E-D9DA08AEC447}.Release|Any CPU.Build.0 = Release|Any CPU
		{72580FB4-474C-4EA0-A999-D37F31E60453}.Debug|Any CPU.ActiveCfg = Debug|Any CPU
		{72580FB4-474C-4EA0-A999-D37F31E60453}.Debug|Any CPU.Build.0 = Debug|Any CPU
		{72580FB4-474C-4EA0-A999-D37F31E60453}.Release|Any CPU.ActiveCfg = Release|Any CPU
		{72580FB4-474C-4EA0-A999-D37F31E60453}.Release|Any CPU.Build.0 = Release|Any CPU
		{CE180E53-6AFA-421B-8DF1-C367741ADEEE}.Debug|Any CPU.ActiveCfg = Debug|Any CPU
		{CE180E53-6AFA-421B-8DF1-C367741ADEEE}.Debug|Any CPU.Build.0 = Debug|Any CPU
		{CE180E53-6AFA-421B-8DF1-C367741ADEEE}.Release|Any CPU.ActiveCfg = Release|Any CPU
		{CE180E53-6AFA-421B-8DF1-C367741ADEEE}.Release|Any CPU.Build.0 = Release|Any CPU
		{AD3735A9-E844-4354-93E3-8C822013DBB9}.Debug|Any CPU.ActiveCfg = Debug|Any CPU
		{AD3735A9-E844-4354-93E3-8C822013DBB9}.Debug|Any CPU.Build.0 = Debug|Any CPU
		{AD3735A9-E844-4354-93E3-8C822013DBB9}.Release|Any CPU.ActiveCfg = Release|Any CPU
		{AD3735A9-E844-4354-93E3-8C822013DBB9}.Release|Any CPU.Build.0 = Release|Any CPU
		{4692D56E-E785-4119-BA3A-96DBE02F96FF}.Debug|Any CPU.ActiveCfg = Debug|Any CPU
		{4692D56E-E785-4119-BA3A-96DBE02F96FF}.Debug|Any CPU.Build.0 = Debug|Any CPU
		{4692D56E-E785-4119-BA3A-96DBE02F96FF}.Release|Any CPU.ActiveCfg = Release|Any CPU
		{4692D56E-E785-4119-BA3A-96DBE02F96FF}.Release|Any CPU.Build.0 = Release|Any CPU
		{E675F159-6002-4DCF-9B49-1FFB43DC21C8}.Debug|Any CPU.ActiveCfg = Debug|Any CPU
		{E675F159-6002-4DCF-9B49-1FFB43DC21C8}.Debug|Any CPU.Build.0 = Debug|Any CPU
		{E675F159-6002-4DCF-9B49-1FFB43DC21C8}.Release|Any CPU.ActiveCfg = Release|Any CPU
		{E675F159-6002-4DCF-9B49-1FFB43DC21C8}.Release|Any CPU.Build.0 = Release|Any CPU
		{23925752-E578-49EB-8A2C-B1B15584F86F}.Debug|Any CPU.ActiveCfg = Debug|Any CPU
		{23925752-E578-49EB-8A2C-B1B15584F86F}.Debug|Any CPU.Build.0 = Debug|Any CPU
		{23925752-E578-49EB-8A2C-B1B15584F86F}.Release|Any CPU.ActiveCfg = Release|Any CPU
		{23925752-E578-49EB-8A2C-B1B15584F86F}.Release|Any CPU.Build.0 = Release|Any CPU
		{E344C01C-62C8-446E-9FCA-889D45B8D93A}.Debug|Any CPU.ActiveCfg = Debug|Any CPU
		{E344C01C-62C8-446E-9FCA-889D45B8D93A}.Debug|Any CPU.Build.0 = Debug|Any CPU
		{E344C01C-62C8-446E-9FCA-889D45B8D93A}.Release|Any CPU.ActiveCfg = Release|Any CPU
		{E344C01C-62C8-446E-9FCA-889D45B8D93A}.Release|Any CPU.Build.0 = Release|Any CPU
		{FBC89E2D-C265-4C6E-AA2E-AB199647FEDA}.Debug|Any CPU.ActiveCfg = Debug|Any CPU
		{FBC89E2D-C265-4C6E-AA2E-AB199647FEDA}.Debug|Any CPU.Build.0 = Debug|Any CPU
		{FBC89E2D-C265-4C6E-AA2E-AB199647FEDA}.Release|Any CPU.ActiveCfg = Release|Any CPU
		{FBC89E2D-C265-4C6E-AA2E-AB199647FEDA}.Release|Any CPU.Build.0 = Release|Any CPU
		{864CD1F7-531C-47C1-9975-C61B724CFF7A}.Debug|Any CPU.ActiveCfg = Debug|Any CPU
		{864CD1F7-531C-47C1-9975-C61B724CFF7A}.Debug|Any CPU.Build.0 = Debug|Any CPU
		{864CD1F7-531C-47C1-9975-C61B724CFF7A}.Release|Any CPU.ActiveCfg = Release|Any CPU
		{864CD1F7-531C-47C1-9975-C61B724CFF7A}.Release|Any CPU.Build.0 = Release|Any CPU
		{EBC5A670-5F72-4A76-90F9-FACE80F5607E}.Debug|Any CPU.ActiveCfg = Debug|Any CPU
		{EBC5A670-5F72-4A76-90F9-FACE80F5607E}.Debug|Any CPU.Build.0 = Debug|Any CPU
		{EBC5A670-5F72-4A76-90F9-FACE80F5607E}.Release|Any CPU.ActiveCfg = Release|Any CPU
		{EBC5A670-5F72-4A76-90F9-FACE80F5607E}.Release|Any CPU.Build.0 = Release|Any CPU
		{28287492-2C6B-4F1B-A2FD-7C3CCF70E3C5}.Debug|Any CPU.ActiveCfg = Debug|Any CPU
		{28287492-2C6B-4F1B-A2FD-7C3CCF70E3C5}.Debug|Any CPU.Build.0 = Debug|Any CPU
		{28287492-2C6B-4F1B-A2FD-7C3CCF70E3C5}.Release|Any CPU.ActiveCfg = Release|Any CPU
		{28287492-2C6B-4F1B-A2FD-7C3CCF70E3C5}.Release|Any CPU.Build.0 = Release|Any CPU
		{479E2D3C-C15C-494C-B875-0130526EE989}.Debug|Any CPU.ActiveCfg = Debug|Any CPU
		{479E2D3C-C15C-494C-B875-0130526EE989}.Debug|Any CPU.Build.0 = Debug|Any CPU
		{479E2D3C-C15C-494C-B875-0130526EE989}.Release|Any CPU.ActiveCfg = Release|Any CPU
		{479E2D3C-C15C-494C-B875-0130526EE989}.Release|Any CPU.Build.0 = Release|Any CPU
		{B972FC8F-5D8B-4633-9E96-1BF756AE21E7}.Debug|Any CPU.ActiveCfg = Debug|Any CPU
		{B972FC8F-5D8B-4633-9E96-1BF756AE21E7}.Debug|Any CPU.Build.0 = Debug|Any CPU
		{B972FC8F-5D8B-4633-9E96-1BF756AE21E7}.Release|Any CPU.ActiveCfg = Release|Any CPU
		{B972FC8F-5D8B-4633-9E96-1BF756AE21E7}.Release|Any CPU.Build.0 = Release|Any CPU
		{5644E63D-0D35-458C-A375-8E00076DF3A9}.Debug|Any CPU.ActiveCfg = Debug|Any CPU
		{5644E63D-0D35-458C-A375-8E00076DF3A9}.Debug|Any CPU.Build.0 = Debug|Any CPU
		{5644E63D-0D35-458C-A375-8E00076DF3A9}.Release|Any CPU.ActiveCfg = Release|Any CPU
		{5644E63D-0D35-458C-A375-8E00076DF3A9}.Release|Any CPU.Build.0 = Release|Any CPU
		{9079886D-5F8A-42FD-B68F-C428D686AE1E}.Debug|Any CPU.ActiveCfg = Debug|Any CPU
		{9079886D-5F8A-42FD-B68F-C428D686AE1E}.Release|Any CPU.ActiveCfg = Release|Any CPU
	EndGlobalSection
	GlobalSection(NestedProjects) = preSolution
		{94E9234B-C772-49BB-9FF5-413702C33BB5} = {D93B1881-1107-4C94-A8A9-1C55CA679FB6}
		{764FD64C-1904-4C0F-A160-899E63571529} = {D93B1881-1107-4C94-A8A9-1C55CA679FB6}
		{4AC0BBD8-15E5-4C31-A852-EC1C7C234258} = {5C01E2FF-D96A-47DF-8C80-2BE543396281}
		{6CAEB39C-D68A-40AC-8E43-3640BCD87E54} = {5C01E2FF-D96A-47DF-8C80-2BE543396281}
		{3494EF27-6559-4CB9-8BE3-C9528DF4C0D2} = {5C01E2FF-D96A-47DF-8C80-2BE543396281}
		{ED8AD6DB-5D0E-409D-A6DB-204F8218C5F6} = {5C01E2FF-D96A-47DF-8C80-2BE543396281}
		{5732C453-A14A-4728-836A-6B8DA2E80CF7} = {5C01E2FF-D96A-47DF-8C80-2BE543396281}
		{B45A189E-CC96-4AC4-AE68-EDACB7AEE113} = {5C01E2FF-D96A-47DF-8C80-2BE543396281}
		{41173178-362F-4734-B89F-E2F885B5D695} = {5C01E2FF-D96A-47DF-8C80-2BE543396281}
		{283D92C1-C9BD-48DB-9389-42DB6E38E1B8} = {5C01E2FF-D96A-47DF-8C80-2BE543396281}
		{F82F4BB6-91C6-4AB9-9A08-CC66F11E461E} = {5C01E2FF-D96A-47DF-8C80-2BE543396281}
		{488EF2A8-FEB9-4620-A944-7CDF50835B7C} = {5C01E2FF-D96A-47DF-8C80-2BE543396281}
		{B1E06667-7E8F-4CEB-BAA8-F3DF4843FFB2} = {5C01E2FF-D96A-47DF-8C80-2BE543396281}
		{C45B0DD9-5401-41F0-9B25-EE7C9852DD5B} = {5C01E2FF-D96A-47DF-8C80-2BE543396281}
		{6A39A4AA-83C8-4B79-9D5C-FA59E9272DD8} = {5C01E2FF-D96A-47DF-8C80-2BE543396281}
		{BCC359DC-F723-4E5C-B67E-89A35B5DF416} = {D93B1881-1107-4C94-A8A9-1C55CA679FB6}
		{3E4E49DC-4BA2-421C-9BA5-7490F18A7A46} = {EDC76BBF-0DE4-474A-9887-82306D0B7558}
		{9E968EF6-AB4B-4509-ACC1-1BD3AEB934BA} = {EDC76BBF-0DE4-474A-9887-82306D0B7558}
		{DDD65413-9C8B-4550-8F7D-5344F1590394} = {EDC76BBF-0DE4-474A-9887-82306D0B7558}
		{2BADC1A2-626E-4DD8-9DB3-529ADD6B9118} = {D93B1881-1107-4C94-A8A9-1C55CA679FB6}
		{9FE8B8D4-C113-424B-8D57-5EE1CB82AD50} = {D93B1881-1107-4C94-A8A9-1C55CA679FB6}
		{8A23B6E1-2C68-4F59-9CC5-3DA0F6C3C3DF} = {3D1A2FC2-C3AB-4E64-9B9A-8E9D61BB3E01}
		{BEC26165-D23D-46C4-B5F4-093041BC43F2} = {D93B1881-1107-4C94-A8A9-1C55CA679FB6}
		{470B3E2C-7574-4C68-9079-0331199BEF86} = {D93B1881-1107-4C94-A8A9-1C55CA679FB6}
		{1055C224-AC71-431E-8D9D-B96C042C0190} = {D93B1881-1107-4C94-A8A9-1C55CA679FB6}
		{6F30FAB6-93F0-4256-942D-C5E88364EB90} = {5C01E2FF-D96A-47DF-8C80-2BE543396281}
		{FE55A280-31D8-46BC-A21E-D9DA08AEC447} = {D93B1881-1107-4C94-A8A9-1C55CA679FB6}
		{72580FB4-474C-4EA0-A999-D37F31E60453} = {D93B1881-1107-4C94-A8A9-1C55CA679FB6}
		{CE180E53-6AFA-421B-8DF1-C367741ADEEE} = {D93B1881-1107-4C94-A8A9-1C55CA679FB6}
		{AD3735A9-E844-4354-93E3-8C822013DBB9} = {D93B1881-1107-4C94-A8A9-1C55CA679FB6}
		{4692D56E-E785-4119-BA3A-96DBE02F96FF} = {D93B1881-1107-4C94-A8A9-1C55CA679FB6}
		{E675F159-6002-4DCF-9B49-1FFB43DC21C8} = {D93B1881-1107-4C94-A8A9-1C55CA679FB6}
		{23925752-E578-49EB-8A2C-B1B15584F86F} = {D93B1881-1107-4C94-A8A9-1C55CA679FB6}
		{E344C01C-62C8-446E-9FCA-889D45B8D93A} = {D93B1881-1107-4C94-A8A9-1C55CA679FB6}
		{FBC89E2D-C265-4C6E-AA2E-AB199647FEDA} = {D93B1881-1107-4C94-A8A9-1C55CA679FB6}
		{864CD1F7-531C-47C1-9975-C61B724CFF7A} = {D93B1881-1107-4C94-A8A9-1C55CA679FB6}
		{EBC5A670-5F72-4A76-90F9-FACE80F5607E} = {D93B1881-1107-4C94-A8A9-1C55CA679FB6}
		{28287492-2C6B-4F1B-A2FD-7C3CCF70E3C5} = {D93B1881-1107-4C94-A8A9-1C55CA679FB6}
		{479E2D3C-C15C-494C-B875-0130526EE989} = {D93B1881-1107-4C94-A8A9-1C55CA679FB6}
		{B972FC8F-5D8B-4633-9E96-1BF756AE21E7} = {D93B1881-1107-4C94-A8A9-1C55CA679FB6}
		{5644E63D-0D35-458C-A375-8E00076DF3A9} = {D93B1881-1107-4C94-A8A9-1C55CA679FB6}
		{9079886D-5F8A-42FD-B68F-C428D686AE1E} = {D93B1881-1107-4C94-A8A9-1C55CA679FB6}
	EndGlobalSection
EndGlobal
